
Microsoft Visual Studio Solution File, Format Version 12.00
# Visual Studio 2012
Project("{FAE04EC0-301F-11D3-BF4B-00C04F79EFBC}") = "ProgramFlow", "ProgramFlow\ProgramFlow.csproj", "{39D4E492-B748-4E22-9D94-A3BD9D73ACBE}"
EndProject
Global
	GlobalSection(SolutionConfigurationPlatforms) = preSolution
		Debug|x86 = Debug|x86
		Release|x86 = Release|x86
	EndGlobalSection
	GlobalSection(ProjectConfigurationPlatforms) = postSolution
		{39D4E492-B748-4E22-9D94-A3BD9D73ACBE}.Debug|x86.ActiveCfg = Debug|x86
		{39D4E492-B748-4E22-9D94-A3BD9D73ACBE}.Debug|x86.Build.0 = Debug|x86
		{39D4E492-B748-4E22-9D94-A3BD9D73ACBE}.Release|x86.ActiveCfg = Release|x86
		{39D4E492-B748-4E22-9D94-A3BD9D73ACBE}.Release|x86.Build.0 = Release|x86
	EndGlobalSection
	GlobalSection(MonoDevelopProperties) = preSolution
		StartupItem = ProgramFlow\ProgramFlow.csproj
	EndGlobalSection
EndGlobal
